
Microsoft Visual Studio Solution File, Format Version 12.00
# Visual Studio Version 17
VisualStudioVersion = 17.13.35913.81 d17.13
MinimumVisualStudioVersion = 10.0.40219.1
Project("{FAE04EC0-301F-11D3-BF4B-00C04F79EFBC}") = "ProjektSeznam", "ProjektSeznam\ProjektSeznam.csproj", "{6309DA98-14B3-459C-A1D6-642DAB454EDB}"
EndProject
Global
	GlobalSection(SolutionConfigurationPlatforms) = preSolution
		Debug|Any CPU = Debug|Any CPU
		Release|Any CPU = Release|Any CPU
	EndGlobalSection
	GlobalSection(ProjectConfigurationPlatforms) = postSolution
		{6309DA98-14B3-459C-A1D6-642DAB454EDB}.Debug|Any CPU.ActiveCfg = Debug|Any CPU
		{6309DA98-14B3-459C-A1D6-642DAB454EDB}.Debug|Any CPU.Build.0 = Debug|Any CPU
		{6309DA98-14B3-459C-A1D6-642DAB454EDB}.Release|Any CPU.ActiveCfg = Release|Any CPU
		{6309DA98-14B3-459C-A1D6-642DAB454EDB}.Release|Any CPU.Build.0 = Release|Any CPU
	EndGlobalSection
	GlobalSection(SolutionProperties) = preSolution
		HideSolutionNode = FALSE
	EndGlobalSection
	GlobalSection(ExtensibilityGlobals) = postSolution
		SolutionGuid = {239D7455-EED1-46D7-BD9A-69C64B228C96}
	EndGlobalSection
EndGlobal
